hash: 23ccadd00c784a9685a3d90042ee9ec87bf5323b12e3f16ba2118e4c7d3b7b3f
updated: 2017-01-05T14:34:37.50418889-05:00
imports:
- name: github.com/RackHD/voyager-utilities
  version: 3d475365f014ecf9e2b75e80220ebc0ab61d05b3
  subpackages:
  - amqp
  - models
- name: github.com/sirupsen/logrus
  version: d26492970760ca5d33129d2d799e34be5c4782eb
- name: github.com/streadway/amqp
  version: 63795daa9a446c920826655f26ba31c81c860fd6
- name: golang.org/x/sys
  version: d75a52659825e75fff6158388dddc6a5b04f9ba5
  subpackages:
  - unix
testImports:
- name: github.com/onsi/ginkgo
  version: 462326b1628e124b23f42e87a8f2750e3c4e2d24
  subpackages:
  - config
  - internal/codelocation
  - internal/containernode
  - internal/failer
  - internal/leafnodes
  - internal/remote
  - internal/spec
  - internal/specrunner
  - internal/suite
  - internal/testingtproxy
  - internal/writer
  - reporters
  - reporters/stenographer
  - types
- name: github.com/onsi/gomega
  version: a78ae492d53aad5a7a232d0d0462c14c400e3ee7
  subpackages:
  - format
  - internal/assertion
  - internal/asyncassertion
  - internal/testingtsupport
  - matchers
  - matchers/support/goraph/bipartitegraph
  - matchers/support/goraph/edge
  - matchers/support/goraph/node
  - matchers/support/goraph/util
  - types
